// !$*UTF8*$!
{
	archiveVersion = 1;
	classes = {
	};
	objectVersion = 46;
	objects = {

/* Begin PBXBuildFile section */
		20E962542CDC4D2B83534BAE /* libPods.a in Frameworks */ = {isa = PBXBuildFile; fileRef = 54D6043177514747871079FE /* libPods.a */; };
		50934511193F8E29009B57E1 /* JCSignalBridge.m in Sources */ = {isa = PBXBuildFile; fileRef = 50934510193F8E29009B57E1 /* JCSignalBridge.m */; };
		50934514193F9727009B57E1 /* JCCommandBridge.m in Sources */ = {isa = PBXBuildFile; fileRef = 50934513193F9727009B57E1 /* JCCommandBridge.m */; };
		AD3C8DF719332B4200A42148 /* brain.bundle in Resources */ = {isa = PBXBuildFile; fileRef = AD3C8DF619332B4200A42148 /* brain.bundle */; };
		AD5B8129192E1E2300A7CDD2 /* Foundation.framework in Frameworks */ = {isa = PBXBuildFile; fileRef = AD5B8128192E1E2300A7CDD2 /* Foundation.framework */; };
		AD5B812B192E1E2300A7CDD2 /* CoreGraphics.framework in Frameworks */ = {isa = PBXBuildFile; fileRef = AD5B812A192E1E2300A7CDD2 /* CoreGraphics.framework */; };
		AD5B812D192E1E2300A7CDD2 /* UIKit.framework in Frameworks */ = {isa = PBXBuildFile; fileRef = AD5B812C192E1E2300A7CDD2 /* UIKit.framework */; };
		AD5B8133192E1E2300A7CDD2 /* InfoPlist.strings in Resources */ = {isa = PBXBuildFile; fileRef = AD5B8131192E1E2300A7CDD2 /* InfoPlist.strings */; };
		AD5B8135192E1E2300A7CDD2 /* main.m in Sources */ = {isa = PBXBuildFile; fileRef = AD5B8134192E1E2300A7CDD2 /* main.m */; };
		AD5B8139192E1E2300A7CDD2 /* JCAppDelegate.m in Sources */ = {isa = PBXBuildFile; fileRef = AD5B8138192E1E2300A7CDD2 /* JCAppDelegate.m */; };
		AD5B813B192E1E2300A7CDD2 /* Images.xcassets in Resources */ = {isa = PBXBuildFile; fileRef = AD5B813A192E1E2300A7CDD2 /* Images.xcassets */; };
		AD5B8142192E1E2300A7CDD2 /* XCTest.framework in Frameworks */ = {isa = PBXBuildFile; fileRef = AD5B8141192E1E2300A7CDD2 /* XCTest.framework */; };
		AD5B8143192E1E2300A7CDD2 /* Foundation.framework in Frameworks */ = {isa = PBXBuildFile; fileRef = AD5B8128192E1E2300A7CDD2 /* Foundation.framework */; };
		AD5B8144192E1E2300A7CDD2 /* UIKit.framework in Frameworks */ = {isa = PBXBuildFile; fileRef = AD5B812C192E1E2300A7CDD2 /* UIKit.framework */; };
		AD5B814C192E1E2300A7CDD2 /* InfoPlist.strings in Resources */ = {isa = PBXBuildFile; fileRef = AD5B814A192E1E2300A7CDD2 /* InfoPlist.strings */; };
		AD5B814E192E1E2300A7CDD2 /* JSCoreTests.m in Sources */ = {isa = PBXBuildFile; fileRef = AD5B814D192E1E2300A7CDD2 /* JSCoreTests.m */; };
		AD5B815B192E208D00A7CDD2 /* JCCore.m in Sources */ = {isa = PBXBuildFile; fileRef = AD5B815A192E208D00A7CDD2 /* JCCore.m */; };
		AD76E9A8193214D80096B676 /* JCLocalStorageModule.m in Sources */ = {isa = PBXBuildFile; fileRef = AD76E9A7193214D80096B676 /* JCLocalStorageModule.m */; };
		AD76E9AC193228B10096B676 /* JCXMLHttpRequestModule.m in Sources */ = {isa = PBXBuildFile; fileRef = AD76E9AB193228B10096B676 /* JCXMLHttpRequestModule.m */; };
		AD76E9AF19322A720096B676 /* JCXMLHttpRequestAdapter.m in Sources */ = {isa = PBXBuildFile; fileRef = AD76E9AE19322A720096B676 /* JCXMLHttpRequestAdapter.m */; };
		ADB6CB131931FA2600B34BF8 /* JCConsoleModule.m in Sources */ = {isa = PBXBuildFile; fileRef = ADB6CB121931FA2600B34BF8 /* JCConsoleModule.m */; };
		ADB6CB161931FAB500B34BF8 /* JCRequireModule.m in Sources */ = {isa = PBXBuildFile; fileRef = ADB6CB151931FAB500B34BF8 /* JCRequireModule.m */; };
		ADB6CB1A1931FBAE00B34BF8 /* JCExceptionHandlerModule.m in Sources */ = {isa = PBXBuildFile; fileRef = ADB6CB191931FBAE00B34BF8 /* JCExceptionHandlerModule.m */; };
		ADB6CB1E1932012D00B34BF8 /* JCFSModule.m in Sources */ = {isa = PBXBuildFile; fileRef = ADB6CB1D1932012D00B34BF8 /* JCFSModule.m */; };
		ADB6CB2219320AA400B34BF8 /* JCTimeoutModule.m in Sources */ = {isa = PBXBuildFile; fileRef = ADB6CB2119320AA400B34BF8 /* JCTimeoutModule.m */; };
		ADEBDA13193E05D20099AA0B /* JCRootViewController.m in Sources */ = {isa = PBXBuildFile; fileRef = ADEBDA0F193E05D20099AA0B /* JCRootViewController.m */; };
		ADEBDA14193E05D20099AA0B /* JCTestViewController.m in Sources */ = {isa = PBXBuildFile; fileRef = ADEBDA11193E05D20099AA0B /* JCTestViewController.m */; };
		ADEBDA15193E05D20099AA0B /* JCTestViewController.xib in Resources */ = {isa = PBXBuildFile; fileRef = ADEBDA12193E05D20099AA0B /* JCTestViewController.xib */; };
		ADEBDA1E193E06220099AA0B /* JCCounterViewModel.m in Sources */ = {isa = PBXBuildFile; fileRef = ADEBDA1D193E06220099AA0B /* JCCounterViewModel.m */; };
		ADFEE56E193FC37F0028CF0D /* JCBaseViewModel.m in Sources */ = {isa = PBXBuildFile; fileRef = ADFEE56D193FC37F0028CF0D /* JCBaseViewModel.m */; };
/* End PBXBuildFile section */

/* Begin PBXContainerItemProxy section */
		AD5B8145192E1E2300A7CDD2 /* PBXContainerItemProxy */ = {
			isa = PBXContainerItemProxy;
			containerPortal = AD5B811D192E1E2300A7CDD2 /* Project object */;
			proxyType = 1;
			remoteGlobalIDString = AD5B8124192E1E2300A7CDD2;
			remoteInfo = JSCore;
		};
/* End PBXContainerItemProxy section */

/* Begin PBXFileReference section */
		5093450F193F8E29009B57E1 /* JCSignalBridge.h */ = {isa = PBXFileReference; fileEncoding = 4; lastKnownFileType = sourcecode.c.h; path = JCSignalBridge.h; sourceTree = "<group>"; };
		50934510193F8E29009B57E1 /* JCSignalBridge.m */ = {isa = PBXFileReference; fileEncoding = 4; lastKnownFileType = sourcecode.c.objc; path = JCSignalBridge.m; sourceTree = "<group>"; };
		50934512193F9727009B57E1 /* JCCommandBridge.h */ = {isa = PBXFileReference; fileEncoding = 4; lastKnownFileType = sourcecode.c.h; path = JCCommandBridge.h; sourceTree = "<group>"; };
		50934513193F9727009B57E1 /* JCCommandBridge.m */ = {isa = PBXFileReference; fileEncoding = 4; lastKnownFileType = sourcecode.c.objc; path = JCCommandBridge.m; sourceTree = "<group>"; };
		54D6043177514747871079FE /* libPods.a */ = {isa = PBXFileReference; explicitFileType = archive.ar; includeInIndex = 0; path = libPods.a; sourceTree = BUILT_PRODUCTS_DIR; };
		87181C9835EB4F308C8702DD /* Pods.xcconfig */ = {isa = PBXFileReference; includeInIndex = 1; lastKnownFileType = text.xcconfig; name = Pods.xcconfig; path = Pods/Pods.xcconfig; sourceTree = "<group>"; };
		AD3C8DF619332B4200A42148 /* brain.bundle */ = {isa = PBXFileReference; lastKnownFileType = "wrapper.plug-in"; name = brain.bundle; path = brain/brain.bundle; sourceTree = SOURCE_ROOT; };
		AD5B8125192E1E2300A7CDD2 /* JSCore.app */ = {isa = PBXFileReference; explicitFileType = wrapper.application; includeInIndex = 0; path = JSCore.app; sourceTree = BUILT_PRODUCTS_DIR; };
		AD5B8128192E1E2300A7CDD2 /* Foundation.framework */ = {isa = PBXFileReference; lastKnownFileType = wrapper.framework; name = Foundation.framework; path = System/Library/Frameworks/Foundation.framework; sourceTree = SDKROOT; };
		AD5B812A192E1E2300A7CDD2 /* CoreGraphics.framework */ = {isa = PBXFileReference; lastKnownFileType = wrapper.framework; name = CoreGraphics.framework; path = System/Library/Frameworks/CoreGraphics.framework; sourceTree = SDKROOT; };
		AD5B812C192E1E2300A7CDD2 /* UIKit.framework */ = {isa = PBXFileReference; lastKnownFileType = wrapper.framework; name = UIKit.framework; path = System/Library/Frameworks/UIKit.framework; sourceTree = SDKROOT; };
		AD5B8130192E1E2300A7CDD2 /* JSCore-Info.plist */ = {isa = PBXFileReference; lastKnownFileType = text.plist.xml; path = "JSCore-Info.plist"; sourceTree = "<group>"; };
		AD5B8132192E1E2300A7CDD2 /* en */ = {isa = PBXFileReference; lastKnownFileType = text.plist.strings; name = en; path = en.lproj/InfoPlist.strings; sourceTree = "<group>"; };
		AD5B8134192E1E2300A7CDD2 /* main.m */ = {isa = PBXFileReference; lastKnownFileType = sourcecode.c.objc; path = main.m; sourceTree = "<group>"; };
		AD5B8136192E1E2300A7CDD2 /* JSCore-Prefix.pch */ = {isa = PBXFileReference; lastKnownFileType = sourcecode.c.h; path = "JSCore-Prefix.pch"; sourceTree = "<group>"; };
		AD5B8137192E1E2300A7CDD2 /* JCAppDelegate.h */ = {isa = PBXFileReference; lastKnownFileType = sourcecode.c.h; path = JCAppDelegate.h; sourceTree = "<group>"; };
		AD5B8138192E1E2300A7CDD2 /* JCAppDelegate.m */ = {isa = PBXFileReference; lastKnownFileType = sourcecode.c.objc; path = JCAppDelegate.m; sourceTree = "<group>"; };
		AD5B813A192E1E2300A7CDD2 /* Images.xcassets */ = {isa = PBXFileReference; lastKnownFileType = folder.assetcatalog; path = Images.xcassets; sourceTree = "<group>"; };
		AD5B8140192E1E2300A7CDD2 /* JSCoreTests.xctest */ = {isa = PBXFileReference; explicitFileType = wrapper.cfbundle; includeInIndex = 0; path = JSCoreTests.xctest; sourceTree = BUILT_PRODUCTS_DIR; };
		AD5B8141192E1E2300A7CDD2 /* XCTest.framework */ = {isa = PBXFileReference; lastKnownFileType = wrapper.framework; name = XCTest.framework; path = Library/Frameworks/XCTest.framework; sourceTree = DEVELOPER_DIR; };
		AD5B8149192E1E2300A7CDD2 /* JSCoreTests-Info.plist */ = {isa = PBXFileReference; lastKnownFileType = text.plist.xml; path = "JSCoreTests-Info.plist"; sourceTree = "<group>"; };
		AD5B814B192E1E2300A7CDD2 /* en */ = {isa = PBXFileReference; lastKnownFileType = text.plist.strings; name = en; path = en.lproj/InfoPlist.strings; sourceTree = "<group>"; };
		AD5B814D192E1E2300A7CDD2 /* JSCoreTests.m */ = {isa = PBXFileReference; lastKnownFileType = sourcecode.c.objc; path = JSCoreTests.m; sourceTree = "<group>"; };
		AD5B8159192E208D00A7CDD2 /* JCCore.h */ = {isa = PBXFileReference; fileEncoding = 4; lastKnownFileType = sourcecode.c.h; path = JCCore.h; sourceTree = "<group>"; };
		AD5B815A192E208D00A7CDD2 /* JCCore.m */ = {isa = PBXFileReference; fileEncoding = 4; lastKnownFileType = sourcecode.c.objc; path = JCCore.m; sourceTree = "<group>"; };
		AD76E9A6193214D80096B676 /* JCLocalStorageModule.h */ = {isa = PBXFileReference; fileEncoding = 4; lastKnownFileType = sourcecode.c.h; path = JCLocalStorageModule.h; sourceTree = "<group>"; };
		AD76E9A7193214D80096B676 /* JCLocalStorageModule.m */ = {isa = PBXFileReference; fileEncoding = 4; lastKnownFileType = sourcecode.c.objc; path = JCLocalStorageModule.m; sourceTree = "<group>"; };
		AD76E9AA193228B10096B676 /* JCXMLHttpRequestModule.h */ = {isa = PBXFileReference; fileEncoding = 4; lastKnownFileType = sourcecode.c.h; path = JCXMLHttpRequestModule.h; sourceTree = "<group>"; };
		AD76E9AB193228B10096B676 /* JCXMLHttpRequestModule.m */ = {isa = PBXFileReference; fileEncoding = 4; lastKnownFileType = sourcecode.c.objc; path = JCXMLHttpRequestModule.m; sourceTree = "<group>"; };
		AD76E9AD19322A720096B676 /* JCXMLHttpRequestAdapter.h */ = {isa = PBXFileReference; fileEncoding = 4; lastKnownFileType = sourcecode.c.h; path = JCXMLHttpRequestAdapter.h; sourceTree = "<group>"; };
		AD76E9AE19322A720096B676 /* JCXMLHttpRequestAdapter.m */ = {isa = PBXFileReference; fileEncoding = 4; lastKnownFileType = sourcecode.c.objc; path = JCXMLHttpRequestAdapter.m; sourceTree = "<group>"; };
		ADB6CB0E1931F9A700B34BF8 /* JCModule.h */ = {isa = PBXFileReference; lastKnownFileType = sourcecode.c.h; path = JCModule.h; sourceTree = "<group>"; };
		ADB6CB111931FA2600B34BF8 /* JCConsoleModule.h */ = {isa = PBXFileReference; fileEncoding = 4; lastKnownFileType = sourcecode.c.h; path = JCConsoleModule.h; sourceTree = "<group>"; };
		ADB6CB121931FA2600B34BF8 /* JCConsoleModule.m */ = {isa = PBXFileReference; fileEncoding = 4; lastKnownFileType = sourcecode.c.objc; path = JCConsoleModule.m; sourceTree = "<group>"; };
		ADB6CB141931FAB500B34BF8 /* JCRequireModule.h */ = {isa = PBXFileReference; fileEncoding = 4; lastKnownFileType = sourcecode.c.h; path = JCRequireModule.h; sourceTree = "<group>"; };
		ADB6CB151931FAB500B34BF8 /* JCRequireModule.m */ = {isa = PBXFileReference; fileEncoding = 4; lastKnownFileType = sourcecode.c.objc; path = JCRequireModule.m; sourceTree = "<group>"; };
		ADB6CB181931FBAE00B34BF8 /* JCExceptionHandlerModule.h */ = {isa = PBXFileReference; fileEncoding = 4; lastKnownFileType = sourcecode.c.h; path = JCExceptionHandlerModule.h; sourceTree = "<group>"; };
		ADB6CB191931FBAE00B34BF8 /* JCExceptionHandlerModule.m */ = {isa = PBXFileReference; fileEncoding = 4; lastKnownFileType = sourcecode.c.objc; path = JCExceptionHandlerModule.m; sourceTree = "<group>"; };
		ADB6CB1C1932012D00B34BF8 /* JCFSModule.h */ = {isa = PBXFileReference; fileEncoding = 4; lastKnownFileType = sourcecode.c.h; path = JCFSModule.h; sourceTree = "<group>"; };
		ADB6CB1D1932012D00B34BF8 /* JCFSModule.m */ = {isa = PBXFileReference; fileEncoding = 4; lastKnownFileType = sourcecode.c.objc; path = JCFSModule.m; sourceTree = "<group>"; };
		ADB6CB2019320AA400B34BF8 /* JCTimeoutModule.h */ = {isa = PBXFileReference; fileEncoding = 4; lastKnownFileType = sourcecode.c.h; path = JCTimeoutModule.h; sourceTree = "<group>"; };
		ADB6CB2119320AA400B34BF8 /* JCTimeoutModule.m */ = {isa = PBXFileReference; fileEncoding = 4; lastKnownFileType = sourcecode.c.objc; path = JCTimeoutModule.m; sourceTree = "<group>"; };
		ADEBDA0E193E05D20099AA0B /* JCRootViewController.h */ = {isa = PBXFileReference; fileEncoding = 4; lastKnownFileType = sourcecode.c.h; path = JCRootViewController.h; sourceTree = "<group>"; };
		ADEBDA0F193E05D20099AA0B /* JCRootViewController.m */ = {isa = PBXFileReference; fileEncoding = 4; lastKnownFileType = sourcecode.c.objc; path = JCRootViewController.m; sourceTree = "<group>"; };
		ADEBDA10193E05D20099AA0B /* JCTestViewController.h */ = {isa = PBXFileReference; fileEncoding = 4; lastKnownFileType = sourcecode.c.h; path = JCTestViewController.h; sourceTree = "<group>"; };
		ADEBDA11193E05D20099AA0B /* JCTestViewController.m */ = {isa = PBXFileReference; fileEncoding = 4; lastKnownFileType = sourcecode.c.objc; path = JCTestViewController.m; sourceTree = "<group>"; };
		ADEBDA12193E05D20099AA0B /* JCTestViewController.xib */ = {isa = PBXFileReference; fileEncoding = 4; lastKnownFileType = file.xib; path = JCTestViewController.xib; sourceTree = "<group>"; };
		ADEBDA1C193E06220099AA0B /* JCCounterViewModel.h */ = {isa = PBXFileReference; fileEncoding = 4; lastKnownFileType = sourcecode.c.h; path = JCCounterViewModel.h; sourceTree = "<group>"; };
		ADEBDA1D193E06220099AA0B /* JCCounterViewModel.m */ = {isa = PBXFileReference; fileEncoding = 4; lastKnownFileType = sourcecode.c.objc; path = JCCounterViewModel.m; sourceTree = "<group>"; };
		ADFEE56C193FC37F0028CF0D /* JCBaseViewModel.h */ = {isa = PBXFileReference; fileEncoding = 4; lastKnownFileType = sourcecode.c.h; path = JCBaseViewModel.h; sourceTree = "<group>"; };
		ADFEE56D193FC37F0028CF0D /* JCBaseViewModel.m */ = {isa = PBXFileReference; fileEncoding = 4; lastKnownFileType = sourcecode.c.objc; path = JCBaseViewModel.m; sourceTree = "<group>"; };
/* End PBXFileReference section */

/* Begin PBXFrameworksBuildPhase section */
		AD5B8122192E1E2300A7CDD2 /* Frameworks */ = {
			isa = PBXFrameworksBuildPhase;
			buildActionMask = 2147483647;
			files = (
				AD5B812B192E1E2300A7CDD2 /* CoreGraphics.framework in Frameworks */,
				AD5B812D192E1E2300A7CDD2 /* UIKit.framework in Frameworks */,
				AD5B8129192E1E2300A7CDD2 /* Foundation.framework in Frameworks */,
				20E962542CDC4D2B83534BAE /* libPods.a in Frameworks */,
			);
			runOnlyForDeploymentPostprocessing = 0;
		};
		AD5B813D192E1E2300A7CDD2 /* Frameworks */ = {
			isa = PBXFrameworksBuildPhase;
			buildActionMask = 2147483647;
			files = (
				AD5B8142192E1E2300A7CDD2 /* XCTest.framework in Frameworks */,
				AD5B8144192E1E2300A7CDD2 /* UIKit.framework in Frameworks */,
				AD5B8143192E1E2300A7CDD2 /* Foundation.framework in Frameworks */,
			);
			runOnlyForDeploymentPostprocessing = 0;
		};
/* End PBXFrameworksBuildPhase section */

/* Begin PBXGroup section */
		AD5B811C192E1E2300A7CDD2 = {
			isa = PBXGroup;
			children = (
				AD5B812E192E1E2300A7CDD2 /* JSCore */,
				AD5B8147192E1E2300A7CDD2 /* JSCoreTests */,
				AD5B8127192E1E2300A7CDD2 /* Frameworks */,
				AD5B8126192E1E2300A7CDD2 /* Products */,
				87181C9835EB4F308C8702DD /* Pods.xcconfig */,
			);
			sourceTree = "<group>";
		};
		AD5B8126192E1E2300A7CDD2 /* Products */ = {
			isa = PBXGroup;
			children = (
				AD5B8125192E1E2300A7CDD2 /* JSCore.app */,
				AD5B8140192E1E2300A7CDD2 /* JSCoreTests.xctest */,
			);
			name = Products;
			sourceTree = "<group>";
		};
		AD5B8127192E1E2300A7CDD2 /* Frameworks */ = {
			isa = PBXGroup;
			children = (
				AD5B8128192E1E2300A7CDD2 /* Foundation.framework */,
				AD5B812A192E1E2300A7CDD2 /* CoreGraphics.framework */,
				AD5B812C192E1E2300A7CDD2 /* UIKit.framework */,
				AD5B8141192E1E2300A7CDD2 /* XCTest.framework */,
				54D6043177514747871079FE /* libPods.a */,
			);
			name = Frameworks;
			sourceTree = "<group>";
		};
		AD5B812E192E1E2300A7CDD2 /* JSCore */ = {
			isa = PBXGroup;
			children = (
				ADEBDA03193E04980099AA0B /* Example */,
				AD3C8DF619332B4200A42148 /* brain.bundle */,
				ADB6CB0C1931F99900B34BF8 /* Code */,
				AD5B8137192E1E2300A7CDD2 /* JCAppDelegate.h */,
				AD5B8138192E1E2300A7CDD2 /* JCAppDelegate.m */,
				AD5B813A192E1E2300A7CDD2 /* Images.xcassets */,
				AD5B812F192E1E2300A7CDD2 /* Supporting Files */,
				AD5B8159192E208D00A7CDD2 /* JCCore.h */,
				AD5B815A192E208D00A7CDD2 /* JCCore.m */,
			);
			path = JSCore;
			sourceTree = "<group>";
		};
		AD5B812F192E1E2300A7CDD2 /* Supporting Files */ = {
			isa = PBXGroup;
			children = (
				AD5B8130192E1E2300A7CDD2 /* JSCore-Info.plist */,
				AD5B8131192E1E2300A7CDD2 /* InfoPlist.strings */,
				AD5B8134192E1E2300A7CDD2 /* main.m */,
				AD5B8136192E1E2300A7CDD2 /* JSCore-Prefix.pch */,
			);
			name = "Supporting Files";
			sourceTree = "<group>";
		};
		AD5B8147192E1E2300A7CDD2 /* JSCoreTests */ = {
			isa = PBXGroup;
			children = (
				AD5B814D192E1E2300A7CDD2 /* JSCoreTests.m */,
				AD5B8148192E1E2300A7CDD2 /* Supporting Files */,
			);
			path = JSCoreTests;
			sourceTree = "<group>";
		};
		AD5B8148192E1E2300A7CDD2 /* Supporting Files */ = {
			isa = PBXGroup;
			children = (
				AD5B8149192E1E2300A7CDD2 /* JSCoreTests-Info.plist */,
				AD5B814A192E1E2300A7CDD2 /* InfoPlist.strings */,
			);
			name = "Supporting Files";
			sourceTree = "<group>";
		};
		AD76E9A5193214CF0096B676 /* LocalStorage */ = {
			isa = PBXGroup;
			children = (
				AD76E9A6193214D80096B676 /* JCLocalStorageModule.h */,
				AD76E9A7193214D80096B676 /* JCLocalStorageModule.m */,
			);
			path = LocalStorage;
			sourceTree = "<group>";
		};
		AD76E9A9193228A70096B676 /* XMLHttpRequest */ = {
			isa = PBXGroup;
			children = (
				AD76E9AA193228B10096B676 /* JCXMLHttpRequestModule.h */,
				AD76E9AB193228B10096B676 /* JCXMLHttpRequestModule.m */,
				AD76E9AD19322A720096B676 /* JCXMLHttpRequestAdapter.h */,
				AD76E9AE19322A720096B676 /* JCXMLHttpRequestAdapter.m */,
			);
			path = XMLHttpRequest;
			sourceTree = "<group>";
		};
		ADB6CB0C1931F99900B34BF8 /* Code */ = {
			isa = PBXGroup;
			children = (
				ADB6CB0D1931F99900B34BF8 /* Modules */,
			);
			path = Code;
			sourceTree = "<group>";
		};
		ADB6CB0D1931F99900B34BF8 /* Modules */ = {
			isa = PBXGroup;
			children = (
				AD76E9A9193228A70096B676 /* XMLHttpRequest */,
				AD76E9A5193214CF0096B676 /* LocalStorage */,
				ADB6CB1F19320A9B00B34BF8 /* Timeout */,
				ADB6CB1B1932012600B34BF8 /* FS */,
				ADB6CB171931FBA300B34BF8 /* Exceptions */,
				ADB6CB0F1931FA1C00B34BF8 /* Require */,
				ADB6CB101931FA1C00B34BF8 /* Console */,
				ADB6CB0E1931F9A700B34BF8 /* JCModule.h */,
			);
			path = Modules;
			sourceTree = "<group>";
		};
		ADB6CB0F1931FA1C00B34BF8 /* Require */ = {
			isa = PBXGroup;
			children = (
				ADB6CB141931FAB500B34BF8 /* JCRequireModule.h */,
				ADB6CB151931FAB500B34BF8 /* JCRequireModule.m */,
			);
			path = Require;
			sourceTree = "<group>";
		};
		ADB6CB101931FA1C00B34BF8 /* Console */ = {
			isa = PBXGroup;
			children = (
				ADB6CB111931FA2600B34BF8 /* JCConsoleModule.h */,
				ADB6CB121931FA2600B34BF8 /* JCConsoleModule.m */,
			);
			path = Console;
			sourceTree = "<group>";
		};
		ADB6CB171931FBA300B34BF8 /* Exceptions */ = {
			isa = PBXGroup;
			children = (
				ADB6CB181931FBAE00B34BF8 /* JCExceptionHandlerModule.h */,
				ADB6CB191931FBAE00B34BF8 /* JCExceptionHandlerModule.m */,
			);
			path = Exceptions;
			sourceTree = "<group>";
		};
		ADB6CB1B1932012600B34BF8 /* FS */ = {
			isa = PBXGroup;
			children = (
				ADB6CB1C1932012D00B34BF8 /* JCFSModule.h */,
				ADB6CB1D1932012D00B34BF8 /* JCFSModule.m */,
			);
			path = FS;
			sourceTree = "<group>";
		};
		ADB6CB1F19320A9B00B34BF8 /* Timeout */ = {
			isa = PBXGroup;
			children = (
				ADB6CB2019320AA400B34BF8 /* JCTimeoutModule.h */,
				ADB6CB2119320AA400B34BF8 /* JCTimeoutModule.m */,
			);
			path = Timeout;
			sourceTree = "<group>";
		};
		ADEBDA03193E04980099AA0B /* Example */ = {
			isa = PBXGroup;
			children = (
				ADEBDA0C193E05D20099AA0B /* Screens */,
				ADEBDA0D193E05D20099AA0B /* ViewControllers */,
				5093450F193F8E29009B57E1 /* JCSignalBridge.h */,
				50934510193F8E29009B57E1 /* JCSignalBridge.m */,
				50934512193F9727009B57E1 /* JCCommandBridge.h */,
				50934513193F9727009B57E1 /* JCCommandBridge.m */,
			);
			path = Example;
			sourceTree = "<group>";
		};
		ADEBDA0C193E05D20099AA0B /* Screens */ = {
			isa = PBXGroup;
			children = (
				ADEBDA1C193E06220099AA0B /* JCCounterViewModel.h */,
				ADEBDA1D193E06220099AA0B /* JCCounterViewModel.m */,
				ADFEE56C193FC37F0028CF0D /* JCBaseViewModel.h */,
				ADFEE56D193FC37F0028CF0D /* JCBaseViewModel.m */,
			);
			path = Screens;
			sourceTree = "<group>";
		};
		ADEBDA0D193E05D20099AA0B /* ViewControllers */ = {
			isa = PBXGroup;
			children = (
				ADEBDA0E193E05D20099AA0B /* JCRootViewController.h */,
				ADEBDA0F193E05D20099AA0B /* JCRootViewController.m */,
				ADEBDA10193E05D20099AA0B /* JCTestViewController.h */,
				ADEBDA11193E05D20099AA0B /* JCTestViewController.m */,
				ADEBDA12193E05D20099AA0B /* JCTestViewController.xib */,
			);
			path = ViewControllers;
			sourceTree = "<group>";
		};
/* End PBXGroup section */

/* Begin PBXNativeTarget section */
		AD5B8124192E1E2300A7CDD2 /* JSCore */ = {
			isa = PBXNativeTarget;
			buildConfigurationList = AD5B8151192E1E2300A7CDD2 /* Build configuration list for PBXNativeTarget "JSCore" */;
			buildPhases = (
				22F92FAF099942D39299508A /* Check Pods Manifest.lock */,
				AD5B8121192E1E2300A7CDD2 /* Sources */,
				AD5B8122192E1E2300A7CDD2 /* Frameworks */,
				AD5B8123192E1E2300A7CDD2 /* Resources */,
				F68E9C230CA04EE987EF42C3 /* Copy Pods Resources */,
			);
			buildRules = (
			);
			dependencies = (
			);
			name = JSCore;
			productName = JSCore;
			productReference = AD5B8125192E1E2300A7CDD2 /* JSCore.app */;
			productType = "com.apple.product-type.application";
		};
		AD5B813F192E1E2300A7CDD2 /* JSCoreTests */ = {
			isa = PBXNativeTarget;
			buildConfigurationList = AD5B8154192E1E2300A7CDD2 /* Build configuration list for PBXNativeTarget "JSCoreTests" */;
			buildPhases = (
				AD5B813C192E1E2300A7CDD2 /* Sources */,
				AD5B813D192E1E2300A7CDD2 /* Frameworks */,
				AD5B813E192E1E2300A7CDD2 /* Resources */,
			);
			buildRules = (
			);
			dependencies = (
				AD5B8146192E1E2300A7CDD2 /* PBXTargetDependency */,
			);
			name = JSCoreTests;
			productName = JSCoreTests;
			productReference = AD5B8140192E1E2300A7CDD2 /* JSCoreTests.xctest */;
			productType = "com.apple.product-type.bundle.unit-test";
		};
/* End PBXNativeTarget section */

/* Begin PBXProject section */
		AD5B811D192E1E2300A7CDD2 /* Project object */ = {
			isa = PBXProject;
			attributes = {
				CLASSPREFIX = JC;
				LastUpgradeCheck = 0510;
				ORGANIZATIONNAME = Techery;
				TargetAttributes = {
					AD5B813F192E1E2300A7CDD2 = {
						TestTargetID = AD5B8124192E1E2300A7CDD2;
					};
				};
			};
			buildConfigurationList = AD5B8120192E1E2300A7CDD2 /* Build configuration list for PBXProject "JSCore" */;
			compatibilityVersion = "Xcode 3.2";
			developmentRegion = English;
			hasScannedForEncodings = 0;
			knownRegions = (
				en,
			);
			mainGroup = AD5B811C192E1E2300A7CDD2;
			productRefGroup = AD5B8126192E1E2300A7CDD2 /* Products */;
			projectDirPath = "";
			projectRoot = "";
			targets = (
				AD5B8124192E1E2300A7CDD2 /* JSCore */,
				AD5B813F192E1E2300A7CDD2 /* JSCoreTests */,
			);
		};
/* End PBXProject section */

/* Begin PBXResourcesBuildPhase section */
		AD5B8123192E1E2300A7CDD2 /* Resources */ = {
			isa = PBXResourcesBuildPhase;
			buildActionMask = 2147483647;
			files = (
				AD3C8DF719332B4200A42148 /* brain.bundle in Resources */,
				ADEBDA15193E05D20099AA0B /* JCTestViewController.xib in Resources */,
				AD5B8133192E1E2300A7CDD2 /* InfoPlist.strings in Resources */,
				AD5B813B192E1E2300A7CDD2 /* Images.xcassets in Resources */,
			);
			runOnlyForDeploymentPostprocessing = 0;
		};
		AD5B813E192E1E2300A7CDD2 /* Resources */ = {
			isa = PBXResourcesBuildPhase;
			buildActionMask = 2147483647;
			files = (
				AD5B814C192E1E2300A7CDD2 /* InfoPlist.strings in Resources */,
			);
			runOnlyForDeploymentPostprocessing = 0;
		};
/* End PBXResourcesBuildPhase section */

/* Begin PBXShellScriptBuildPhase section */
		22F92FAF099942D39299508A /* Check Pods Manifest.lock */ = {
			isa = PBXShellScriptBuildPhase;
			buildActionMask = 2147483647;
			files = (
			);
			inputPaths = (
			);
			name = "Check Pods Manifest.lock";
			outputPaths = (
			);
			runOnlyForDeploymentPostprocessing = 0;
			shellPath = /bin/sh;
			shellScript = "diff \"${PODS_ROOT}/../Podfile.lock\" \"${PODS_ROOT}/Manifest.lock\" > /dev/null\nif [[ $? != 0 ]] ; then\n    cat << EOM\nerror: The sandbox is not in sync with the Podfile.lock. Run 'pod install' or update your CocoaPods installation.\nEOM\n    exit 1\nfi\n";
			showEnvVarsInLog = 0;
		};
		F68E9C230CA04EE987EF42C3 /* Copy Pods Resources */ = {
			isa = PBXShellScriptBuildPhase;
			buildActionMask = 2147483647;
			files = (
			);
			inputPaths = (
			);
			name = "Copy Pods Resources";
			outputPaths = (
			);
			runOnlyForDeploymentPostprocessing = 0;
			shellPath = /bin/sh;
			shellScript = "\"${SRCROOT}/Pods/Pods-resources.sh\"\n";
			showEnvVarsInLog = 0;
		};
/* End PBXShellScriptBuildPhase section */

/* Begin PBXSourcesBuildPhase section */
		AD5B8121192E1E2300A7CDD2 /* Sources */ = {
			isa = PBXSourcesBuildPhase;
			buildActionMask = 2147483647;
			files = (
				ADB6CB1E1932012D00B34BF8 /* JCFSModule.m in Sources */,
				AD5B815B192E208D00A7CDD2 /* JCCore.m in Sources */,
				AD5B8135192E1E2300A7CDD2 /* main.m in Sources */,
				ADEBDA1E193E06220099AA0B /* JCCounterViewModel.m in Sources */,
				AD5B8139192E1E2300A7CDD2 /* JCAppDelegate.m in Sources */,
				50934514193F9727009B57E1 /* JCCommandBridge.m in Sources */,
				ADFEE56E193FC37F0028CF0D /* JCBaseViewModel.m in Sources */,
				50934511193F8E29009B57E1 /* JCSignalBridge.m in Sources */,
				ADB6CB161931FAB500B34BF8 /* JCRequireModule.m in Sources */,
				ADB6CB1A1931FBAE00B34BF8 /* JCExceptionHandlerModule.m in Sources */,
				AD76E9AC193228B10096B676 /* JCXMLHttpRequestModule.m in Sources */,
				ADB6CB2219320AA400B34BF8 /* JCTimeoutModule.m in Sources */,
				ADEBDA14193E05D20099AA0B /* JCTestViewController.m in Sources */,
				AD76E9AF19322A720096B676 /* JCXMLHttpRequestAdapter.m in Sources */,
				ADEBDA13193E05D20099AA0B /* JCRootViewController.m in Sources */,
				ADB6CB131931FA2600B34BF8 /* JCConsoleModule.m in Sources */,
				AD76E9A8193214D80096B676 /* JCLocalStorageModule.m in Sources */,
			);
			runOnlyForDeploymentPostprocessing = 0;
		};
		AD5B813C192E1E2300A7CDD2 /* Sources */ = {
			isa = PBXSourcesBuildPhase;
			buildActionMask = 2147483647;
			files = (
				AD5B814E192E1E2300A7CDD2 /* JSCoreTests.m in Sources */,
			);
			runOnlyForDeploymentPostprocessing = 0;
		};
/* End PBXSourcesBuildPhase section */

/* Begin PBXTargetDependency section */
		AD5B8146192E1E2300A7CDD2 /* PBXTargetDependency */ = {
			isa = PBXTargetDependency;
			target = AD5B8124192E1E2300A7CDD2 /* JSCore */;
			targetProxy = AD5B8145192E1E2300A7CDD2 /* PBXContainerItemProxy */;
		};
/* End PBXTargetDependency section */

/* Begin PBXVariantGroup section */
		AD5B8131192E1E2300A7CDD2 /* InfoPlist.strings */ = {
			isa = PBXVariantGroup;
			children = (
				AD5B8132192E1E2300A7CDD2 /* en */,
			);
			name = InfoPlist.strings;
			sourceTree = "<group>";
		};
		AD5B814A192E1E2300A7CDD2 /* InfoPlist.strings */ = {
			isa = PBXVariantGroup;
			children = (
				AD5B814B192E1E2300A7CDD2 /* en */,
			);
			name = InfoPlist.strings;
			sourceTree = "<group>";
		};
/* End PBXVariantGroup section */

/* Begin XCBuildConfiguration section */
		AD5B814F192E1E2300A7CDD2 /* Debug */ = {
			isa = XCBuildConfiguration;
			buildSettings = {
				ALWAYS_SEARCH_USER_PATHS = NO;
				CLANG_CXX_LANGUAGE_STANDARD = "gnu++0x";
				CLANG_CXX_LIBRARY = "libc++";
				CLANG_ENABLE_MODULES = YES;
				CLANG_ENABLE_OBJC_ARC = YES;
				CLANG_WARN_BOOL_CONVERSION = YES;
				CLANG_WARN_CONSTANT_CONVERSION = YES;
				CLANG_WARN_DIRECT_OBJC_ISA_USAGE = YES_ERROR;
				CLANG_WARN_EMPTY_BODY = YES;
				CLANG_WARN_ENUM_CONVERSION = YES;
				CLANG_WARN_INT_CONVERSION = YES;
				CLANG_WARN_OBJC_ROOT_CLASS = YES_ERROR;
				CLANG_WARN__DUPLICATE_METHOD_MATCH = YES;
				"CODE_SIGN_IDENTITY[sdk=iphoneos*]" = "iPhone Developer";
				COPY_PHASE_STRIP = NO;
				GCC_C_LANGUAGE_STANDARD = gnu99;
				GCC_DYNAMIC_NO_PIC = NO;
				GCC_OPTIMIZATION_LEVEL = 0;
				GCC_PREPROCESSOR_DEFINITIONS = (
					"DEBUG=1",
					"$(inherited)",
				);
				GCC_SYMBOLS_PRIVATE_EXTERN = NO;
				GCC_WARN_64_TO_32_BIT_CONVERSION = YES;
				GCC_WARN_ABOUT_RETURN_TYPE = YES_ERROR;
				GCC_WARN_UNDECLARED_SELECTOR = YES;
				GCC_WARN_UNINITIALIZED_AUTOS = YES_AGGRESSIVE;
				GCC_WARN_UNUSED_FUNCTION = YES;
				GCC_WARN_UNUSED_VARIABLE = YES;
				IPHONEOS_DEPLOYMENT_TARGET = 7.1;
				ONLY_ACTIVE_ARCH = YES;
				SDKROOT = iphoneos;
				TARGETED_DEVICE_FAMILY = "1,2";
			};
			name = Debug;
		};
		AD5B8150192E1E2300A7CDD2 /* Release */ = {
			isa = XCBuildConfiguration;
			buildSettings = {
				ALWAYS_SEARCH_USER_PATHS = NO;
				CLANG_CXX_LANGUAGE_STANDARD = "gnu++0x";
				CLANG_CXX_LIBRARY = "libc++";
				CLANG_ENABLE_MODULES = YES;
				CLANG_ENABLE_OBJC_ARC = YES;
				CLANG_WARN_BOOL_CONVERSION = YES;
				CLANG_WARN_CONSTANT_CONVERSION = YES;
				CLANG_WARN_DIRECT_OBJC_ISA_USAGE = YES_ERROR;
				CLANG_WARN_EMPTY_BODY = YES;
				CLANG_WARN_ENUM_CONVERSION = YES;
				CLANG_WARN_INT_CONVERSION = YES;
				CLANG_WARN_OBJC_ROOT_CLASS = YES_ERROR;
				CLANG_WARN__DUPLICATE_METHOD_MATCH = YES;
				"CODE_SIGN_IDENTITY[sdk=iphoneos*]" = "iPhone Developer";
				COPY_PHASE_STRIP = YES;
				ENABLE_NS_ASSERTIONS = NO;
				GCC_C_LANGUAGE_STANDARD = gnu99;
				GCC_WARN_64_TO_32_BIT_CONVERSION = YES;
				GCC_WARN_ABOUT_RETURN_TYPE = YES_ERROR;
				GCC_WARN_UNDECLARED_SELECTOR = YES;
				GCC_WARN_UNINITIALIZED_AUTOS = YES_AGGRESSIVE;
				GCC_WARN_UNUSED_FUNCTION = YES;
				GCC_WARN_UNUSED_VARIABLE = YES;
				IPHONEOS_DEPLOYMENT_TARGET = 7.1;
				SDKROOT = iphoneos;
				TARGETED_DEVICE_FAMILY = "1,2";
				VALIDATE_PRODUCT = YES;
			};
			name = Release;
		};
		AD5B8152192E1E2300A7CDD2 /* Debug */ = {
			isa = XCBuildConfiguration;
			baseConfigurationReference = 87181C9835EB4F308C8702DD /* Pods.xcconfig */;
			buildSettings = {
				ASSETCATALOG_COMPILER_APPICON_NAME = AppIcon;
				ASSETCATALOG_COMPILER_LAUNCHIMAGE_NAME = LaunchImage;
				GCC_PRECOMPILE_PREFIX_HEADER = YES;
				GCC_PREFIX_HEADER = "JSCore/JSCore-Prefix.pch";
				INFOPLIST_FILE = "JSCore/JSCore-Info.plist";
				PRODUCT_NAME = "$(TARGET_NAME)";
				PROVISIONING_PROFILE = "17A8CE65-7398-4197-BEA4-641F2194D3FC";
				WRAPPER_EXTENSION = app;
			};
			name = Debug;
		};
		AD5B8153192E1E2300A7CDD2 /* Release */ = {
			isa = XCBuildConfiguration;
			baseConfigurationReference = 87181C9835EB4F308C8702DD /* Pods.xcconfig */;
			buildSettings = {
				ASSETCATALOG_COMPILER_APPICON_NAME = AppIcon;
				ASSETCATALOG_COMPILER_LAUNCHIMAGE_NAME = LaunchImage;
				GCC_PRECOMPILE_PREFIX_HEADER = YES;
				GCC_PREFIX_HEADER = "JSCore/JSCore-Prefix.pch";
				INFOPLIST_FILE = "JSCore/JSCore-Info.plist";
				PRODUCT_NAME = "$(TARGET_NAME)";
				PROVISIONING_PROFILE = "17A8CE65-7398-4197-BEA4-641F2194D3FC";
				WRAPPER_EXTENSION = app;
			};
			name = Release;
		};
		AD5B8155192E1E2300A7CDD2 /* Debug */ = {
			isa = XCBuildConfiguration;
			buildSettings = {
				BUNDLE_LOADER = "$(BUILT_PRODUCTS_DIR)/JSCore.app/JSCore";
				FRAMEWORK_SEARCH_PATHS = (
					"$(SDKROOT)/Developer/Library/Frameworks",
					"$(inherited)",
					"$(DEVELOPER_FRAMEWORKS_DIR)",
				);
				GCC_PRECOMPILE_PREFIX_HEADER = YES;
				GCC_PREFIX_HEADER = "JSCore/JSCore-Prefix.pch";
				GCC_PREPROCESSOR_DEFINITIONS = (
					"DEBUG=1",
					"$(inherited)",
				);
				INFOPLIST_FILE = "JSCoreTests/JSCoreTests-Info.plist";
				PRODUCT_NAME = "$(TARGET_NAME)";
				TEST_HOST = "$(BUNDLE_LOADER)";
				WRAPPER_EXTENSION = xctest;
			};
			name = Debug;
		};
		AD5B8156192E1E2300A7CDD2 /* Release */ = {
			isa = XCBuildConfiguration;
			buildSettings = {
				BUNDLE_LOADER = "$(BUILT_PRODUCTS_DIR)/JSCore.app/JSCore";
				FRAMEWORK_SEARCH_PATHS = (
					"$(SDKROOT)/Developer/Library/Frameworks",
					"$(inherited)",
					"$(DEVELOPER_FRAMEWORKS_DIR)",
				);
				GCC_PRECOMPILE_PREFIX_HEADER = YES;
				GCC_PREFIX_HEADER = "JSCore/JSCore-Prefix.pch";
				INFOPLIST_FILE = "JSCoreTests/JSCoreTests-Info.plist";
				PRODUCT_NAME = "$(TARGET_NAME)";
				TEST_HOST = "$(BUNDLE_LOADER)";
				WRAPPER_EXTENSION = xctest;
			};
			name = Release;
		};
/* End XCBuildConfiguration section */

/* Begin XCConfigurationList section */
		AD5B8120192E1E2300A7CDD2 /* Build configuration list for PBXProject "JSCore" */ = {
			isa = XCConfigurationList;
			buildConfigurations = (
				AD5B814F192E1E2300A7CDD2 /* Debug */,
				AD5B8150192E1E2300A7CDD2 /* Release */,
			);
			defaultConfigurationIsVisible = 0;
			defaultConfigurationName = Release;
		};
		AD5B8151192E1E2300A7CDD2 /* Build configuration list for PBXNativeTarget "JSCore" */ = {
			isa = XCConfigurationList;
			buildConfigurations = (
				AD5B8152192E1E2300A7CDD2 /* Debug */,
				AD5B8153192E1E2300A7CDD2 /* Release */,
			);
			defaultConfigurationIsVisible = 0;
			defaultConfigurationName = Release;
		};
		AD5B8154192E1E2300A7CDD2 /* Build configuration list for PBXNativeTarget "JSCoreTests" */ = {
			isa = XCConfigurationList;
			buildConfigurations = (
				AD5B8155192E1E2300A7CDD2 /* Debug */,
				AD5B8156192E1E2300A7CDD2 /* Release */,
			);
			defaultConfigurationIsVisible = 0;
			defaultConfigurationName = Release;
		};
/* End XCConfigurationList section */
	};
	rootObject = AD5B811D192E1E2300A7CDD2 /* Project object */;
}
